
Microsoft Visual Studio Solution File, Format Version 12.00
# Visual Studio Version 16
VisualStudioVersion = 16.0.28803.202
MinimumVisualStudioVersion = 10.0.40219.1
Project("{FAE04EC0-301F-11D3-BF4B-00C04F79EFBC}") = "Documents.Api", "Documents.Api\Documents.Api.csproj", "{0291C077-52DF-41D1-A2E5-D972D96A2F6F}"
EndProject
Project("{FAE04EC0-301F-11D3-BF4B-00C04F79EFBC}") = "Documents.DAL", "Documents.DAL\Documents.DAL.csproj", "{CDAC7EBB-0DC7-4B2E-8A3F-EDEFD21B4A53}"
EndProject
Project("{FAE04EC0-301F-11D3-BF4B-00C04F79EFBC}") = "Documents.BLL", "Documents.BLL\Documents.BLL.csproj", "{F338CCEF-37A7-4851-981D-4F010ECE1AE4}"
EndProject
Project("{FAE04EC0-301F-11D3-BF4B-00C04F79EFBC}") = "Documents.Model", "Documents.Model\Documents.Model.csproj", "{C345500F-2684-4166-A750-9A23ECF8A388}"
EndProject
Project("{FAE04EC0-301F-11D3-BF4B-00C04F79EFBC}") = "Documents.Common", "Documents.Common\Documents.Common.csproj", "{0BA02C03-9161-4B4A-ADE3-B614844086D6}"
EndProject
Project("{FAE04EC0-301F-11D3-BF4B-00C04F79EFBC}") = "Documents.WebUI", "Documents.WebUI\Documents.WebUI.csproj", "{5D0703E9-81B5-4CC5-968C-6CA3617C01A2}"
EndProject
Global
	GlobalSection(SolutionConfigurationPlatforms) = preSolution
		Debug|Any CPU = Debug|Any CPU
		Release|Any CPU = Release|Any CPU
	EndGlobalSection
	GlobalSection(ProjectConfigurationPlatforms) = postSolution
		{0291C077-52DF-41D1-A2E5-D972D96A2F6F}.Debug|Any CPU.ActiveCfg = Debug|Any CPU
		{0291C077-52DF-41D1-A2E5-D972D96A2F6F}.Debug|Any CPU.Build.0 = Debug|Any CPU
		{0291C077-52DF-41D1-A2E5-D972D96A2F6F}.Release|Any CPU.ActiveCfg = Release|Any CPU
		{0291C077-52DF-41D1-A2E5-D972D96A2F6F}.Release|Any CPU.Build.0 = Release|Any CPU
		{CDAC7EBB-0DC7-4B2E-8A3F-EDEFD21B4A53}.Debug|Any CPU.ActiveCfg = Debug|Any CPU
		{CDAC7EBB-0DC7-4B2E-8A3F-EDEFD21B4A53}.Debug|Any CPU.Build.0 = Debug|Any CPU
		{CDAC7EBB-0DC7-4B2E-8A3F-EDEFD21B4A53}.Release|Any CPU.ActiveCfg = Release|Any CPU
		{CDAC7EBB-0DC7-4B2E-8A3F-EDEFD21B4A53}.Release|Any CPU.Build.0 = Release|Any CPU
		{F338CCEF-37A7-4851-981D-4F010ECE1AE4}.Debug|Any CPU.ActiveCfg = Debug|Any CPU
		{F338CCEF-37A7-4851-981D-4F010ECE1AE4}.Debug|Any CPU.Build.0 = Debug|Any CPU
		{F338CCEF-37A7-4851-981D-4F010ECE1AE4}.Release|Any CPU.ActiveCfg = Release|Any CPU
		{F338CCEF-37A7-4851-981D-4F010ECE1AE4}.Release|Any CPU.Build.0 = Release|Any CPU
		{C345500F-2684-4166-A750-9A23ECF8A388}.Debug|Any CPU.ActiveCfg = Debug|Any CPU
		{C345500F-2684-4166-A750-9A23ECF8A388}.Debug|Any CPU.Build.0 = Debug|Any CPU
		{C345500F-2684-4166-A750-9A23ECF8A388}.Release|Any CPU.ActiveCfg = Release|Any CPU
		{C345500F-2684-4166-A750-9A23ECF8A388}.Release|Any CPU.Build.0 = Release|Any CPU
		{0BA02C03-9161-4B4A-ADE3-B614844086D6}.Debug|Any CPU.ActiveCfg = Debug|Any CPU
		{0BA02C03-9161-4B4A-ADE3-B614844086D6}.Debug|Any CPU.Build.0 = Debug|Any CPU
		{0BA02C03-9161-4B4A-ADE3-B614844086D6}.Release|Any CPU.ActiveCfg = Release|Any CPU
		{0BA02C03-9161-4B4A-ADE3-B614844086D6}.Release|Any CPU.Build.0 = Release|Any CPU
		{5D0703E9-81B5-4CC5-968C-6CA3617C01A2}.Debug|Any CPU.ActiveCfg = Debug|Any CPU
		{5D0703E9-81B5-4CC5-968C-6CA3617C01A2}.Debug|Any CPU.Build.0 = Debug|Any CPU
		{5D0703E9-81B5-4CC5-968C-6CA3617C01A2}.Release|Any CPU.ActiveCfg = Release|Any CPU
		{5D0703E9-81B5-4CC5-968C-6CA3617C01A2}.Release|Any CPU.Build.0 = Release|Any CPU
	EndGlobalSection
	GlobalSection(SolutionProperties) = preSolution
		HideSolutionNode = FALSE
	EndGlobalSection
	GlobalSection(ExtensibilityGlobals) = postSolution
		SolutionGuid = {7483F953-22D0-4585-9EBF-5C927721A241}
	EndGlobalSection
EndGlobal
